// !$*UTF8*$!
{
	archiveVersion = 1;
	classes = {
	};
	objectVersion = 46;
	objects = {

/* Begin PBXBuildFile section */
		AC77B35A1CD3A91F002D7842 /* AppDelegate.swift in Sources */ = {isa = PBXBuildFile; fileRef = AC77B3591CD3A91F002D7842 /* AppDelegate.swift */; };
		AC77B35C1CD3A91F002D7842 /* ViewController.swift in Sources */ = {isa = PBXBuildFile; fileRef = AC77B35B1CD3A91F002D7842 /* ViewController.swift */; };
		AC77B35F1CD3A91F002D7842 /* Main.storyboard in Resources */ = {isa = PBXBuildFile; fileRef = AC77B35D1CD3A91F002D7842 /* Main.storyboard */; };
		AC77B3611CD3A91F002D7842 /* Assets.xcassets in Resources */ = {isa = PBXBuildFile; fileRef = AC77B3601CD3A91F002D7842 /* Assets.xcassets */; };
		AC77B3641CD3A91F002D7842 /* LaunchScreen.storyboard in Resources */ = {isa = PBXBuildFile; fileRef = AC77B3621CD3A91F002D7842 /* LaunchScreen.storyboard */; };
		AC77B36F1CD3A91F002D7842 /* enumTests.swift in Sources */ = {isa = PBXBuildFile; fileRef = AC77B36E1CD3A91F002D7842 /* enumTests.swift */; };
		AC77B37A1CD3A91F002D7842 /* enumUITests.swift in Sources */ = {isa = PBXBuildFile; fileRef = AC77B3791CD3A91F002D7842 /* enumUITests.swift */; };
/* End PBXBuildFile section */

/* Begin PBXContainerItemProxy section */
		AC77B36B1CD3A91F002D7842 /* PBXContainerItemProxy */ = {
			isa = PBXContainerItemProxy;
			containerPortal = AC77B34E1CD3A91F002D7842 /* Project object */;
			proxyType = 1;
			remoteGlobalIDString = AC77B3551CD3A91F002D7842;
			remoteInfo = enum;
		};
		AC77B3761CD3A91F002D7842 /* PBXContainerItemProxy */ = {
			isa = PBXContainerItemProxy;
			containerPortal = AC77B34E1CD3A91F002D7842 /* Project object */;
			proxyType = 1;
			remoteGlobalIDString = AC77B3551CD3A91F002D7842;
			remoteInfo = enum;
		};
/* End PBXContainerItemProxy section */

/* Begin PBXFileReference section */
		AC77B3561CD3A91F002D7842 /* enum.app */ = {isa = PBXFileReference; explicitFileType = wrapper.application; includeInIndex = 0; path = enum.app; sourceTree = BUILT_PRODUCTS_DIR; };
		AC77B3591CD3A91F002D7842 /* AppDelegate.swift */ = {isa = PBXFileReference; lastKnownFileType = sourcecode.swift; path = AppDelegate.swift; sourceTree = "<group>"; };
		AC77B35B1CD3A91F002D7842 /* ViewController.swift */ = {isa = PBXFileReference; lastKnownFileType = sourcecode.swift; path = ViewController.swift; sourceTree = "<group>"; };
		AC77B35E1CD3A91F002D7842 /* Base */ = {isa = PBXFileReference; lastKnownFileType = file.storyboard; name = Base; path = Base.lproj/Main.storyboard; sourceTree = "<group>"; };
		AC77B3601CD3A91F002D7842 /* Assets.xcassets */ = {isa = PBXFileReference; lastKnownFileType = folder.assetcatalog; path = Assets.xcassets; sourceTree = "<group>"; };
		AC77B3631CD3A91F002D7842 /* Base */ = {isa = PBXFileReference; lastKnownFileType = file.storyboard; name = Base; path = Base.lproj/LaunchScreen.storyboard; sourceTree = "<group>"; };
		AC77B3651CD3A91F002D7842 /* Info.plist */ = {isa = PBXFileReference; lastKnownFileType = text.plist.xml; path = Info.plist; sourceTree = "<group>"; };
		AC77B36A1CD3A91F002D7842 /* enumTests.xctest */ = {isa = PBXFileReference; explicitFileType = wrapper.cfbundle; includeInIndex = 0; path = enumTests.xctest; sourceTree = BUILT_PRODUCTS_DIR; };
		AC77B36E1CD3A91F002D7842 /* enumTests.swift */ = {isa = PBXFileReference; lastKnownFileType = sourcecode.swift; path = enumTests.swift; sourceTree = "<group>"; };
		AC77B3701CD3A91F002D7842 /* Info.plist */ = {isa = PBXFileReference; lastKnownFileType = text.plist.xml; path = Info.plist; sourceTree = "<group>"; };
		AC77B3751CD3A91F002D7842 /* enumUITests.xctest */ = {isa = PBXFileReference; explicitFileType = wrapper.cfbundle; includeInIndex = 0; path = enumUITests.xctest; sourceTree = BUILT_PRODUCTS_DIR; };
		AC77B3791CD3A91F002D7842 /* enumUITests.swift */ = {isa = PBXFileReference; lastKnownFileType = sourcecode.swift; path = enumUITests.swift; sourceTree = "<group>"; };
		AC77B37B1CD3A91F002D7842 /* Info.plist */ = {isa = PBXFileReference; lastKnownFileType = text.plist.xml; path = Info.plist; sourceTree = "<group>"; };
/* End PBXFileReference section */

/* Begin PBXFrameworksBuildPhase section */
		AC77B3531CD3A91F002D7842 /* Frameworks */ = {
			isa = PBXFrameworksBuildPhase;
			buildActionMask = 2147483647;
			files = (
			);
			runOnlyForDeploymentPostprocessing = 0;
		};
		AC77B3671CD3A91F002D7842 /* Frameworks */ = {
			isa = PBXFrameworksBuildPhase;
			buildActionMask = 2147483647;
			files = (
			);
			runOnlyForDeploymentPostprocessing = 0;
		};
		AC77B3721CD3A91F002D7842 /* Frameworks */ = {
			isa = PBXFrameworksBuildPhase;
			buildActionMask = 2147483647;
			files = (
			);
			runOnlyForDeploymentPostprocessing = 0;
		};
/* End PBXFrameworksBuildPhase section */

/* Begin PBXGroup section */
		AC77B34D1CD3A91F002D7842 = {
			isa = PBXGroup;
			children = (
				AC77B3581CD3A91F002D7842 /* enum */,
				AC77B36D1CD3A91F002D7842 /* enumTests */,
				AC77B3781CD3A91F002D7842 /* enumUITests */,
				AC77B3571CD3A91F002D7842 /* Products */,
			);
			sourceTree = "<group>";
		};
		AC77B3571CD3A91F002D7842 /* Products */ = {
			isa = PBXGroup;
			children = (
				AC77B3561CD3A91F002D7842 /* enum.app */,
				AC77B36A1CD3A91F002D7842 /* enumTests.xctest */,
				AC77B3751CD3A91F002D7842 /* enumUITests.xctest */,
			);
			name = Products;
			sourceTree = "<group>";
		};
		AC77B3581CD3A91F002D7842 /* enum */ = {
			isa = PBXGroup;
			children = (
				AC77B3591CD3A91F002D7842 /* AppDelegate.swift */,
				AC77B35B1CD3A91F002D7842 /* ViewController.swift */,
				AC77B35D1CD3A91F002D7842 /* Main.storyboard */,
				AC77B3601CD3A91F002D7842 /* Assets.xcassets */,
				AC77B3621CD3A91F002D7842 /* LaunchScreen.storyboard */,
				AC77B3651CD3A91F002D7842 /* Info.plist */,
			);
			path = enum;
			sourceTree = "<group>";
		};
		AC77B36D1CD3A91F002D7842 /* enumTests */ = {
			isa = PBXGroup;
			children = (
				AC77B36E1CD3A91F002D7842 /* enumTests.swift */,
				AC77B3701CD3A91F002D7842 /* Info.plist */,
			);
			path = enumTests;
			sourceTree = "<group>";
		};
		AC77B3781CD3A91F002D7842 /* enumUITests */ = {
			isa = PBXGroup;
			children = (
				AC77B3791CD3A91F002D7842 /* enumUITests.swift */,
				AC77B37B1CD3A91F002D7842 /* Info.plist */,
			);
			path = enumUITests;
			sourceTree = "<group>";
		};
/* End PBXGroup section */

/* Begin PBXNativeTarget section */
		AC77B3551CD3A91F002D7842 /* enum */ = {
			isa = PBXNativeTarget;
			buildConfigurationList = AC77B37E1CD3A91F002D7842 /* Build configuration list for PBXNativeTarget "enum" */;
			buildPhases = (
				AC77B3521CD3A91F002D7842 /* Sources */,
				AC77B3531CD3A91F002D7842 /* Frameworks */,
				AC77B3541CD3A91F002D7842 /* Resources */,
			);
			buildRules = (
			);
			dependencies = (
			);
			name = enum;
			productName = enum;
			productReference = AC77B3561CD3A91F002D7842 /* enum.app */;
			productType = "com.apple.product-type.application";
		};
		AC77B3691CD3A91F002D7842 /* enumTests */ = {
			isa = PBXNativeTarget;
			buildConfigurationList = AC77B3811CD3A91F002D7842 /* Build configuration list for PBXNativeTarget "enumTests" */;
			buildPhases = (
				AC77B3661CD3A91F002D7842 /* Sources */,
				AC77B3671CD3A91F002D7842 /* Frameworks */,
				AC77B3681CD3A91F002D7842 /* Resources */,
			);
			buildRules = (
			);
			dependencies = (
				AC77B36C1CD3A91F002D7842 /* PBXTargetDependency */,
			);
			name = enumTests;
			productName = enumTests;
			productReference = AC77B36A1CD3A91F002D7842 /* enumTests.xctest */;
			productType = "com.apple.product-type.bundle.unit-test";
		};
		AC77B3741CD3A91F002D7842 /* enumUITests */ = {
			isa = PBXNativeTarget;
			buildConfigurationList = AC77B3841CD3A91F002D7842 /* Build configuration list for PBXNativeTarget "enumUITests" */;
			buildPhases = (
				AC77B3711CD3A91F002D7842 /* Sources */,
				AC77B3721CD3A91F002D7842 /* Frameworks */,
				AC77B3731CD3A91F002D7842 /* Resources */,
			);
			buildRules = (
			);
			dependencies = (
				AC77B3771CD3A91F002D7842 /* PBXTargetDependency */,
			);
			name = enumUITests;
			productName = enumUITests;
			productReference = AC77B3751CD3A91F002D7842 /* enumUITests.xctest */;
			productType = "com.apple.product-type.bundle.ui-testing";
		};
/* End PBXNativeTarget section */

/* Begin PBXProject section */
		AC77B34E1CD3A91F002D7842 /* Project object */ = {
			isa = PBXProject;
			attributes = {
				LastSwiftUpdateCheck = 0730;
				LastUpgradeCheck = 0730;
				ORGANIZATIONNAME = "Pierre De Pingon";
				TargetAttributes = {
					AC77B3551CD3A91F002D7842 = {
						CreatedOnToolsVersion = 7.3;
					};
					AC77B3691CD3A91F002D7842 = {
						CreatedOnToolsVersion = 7.3;
						TestTargetID = AC77B3551CD3A91F002D7842;
					};
					AC77B3741CD3A91F002D7842 = {
						CreatedOnToolsVersion = 7.3;
						TestTargetID = AC77B3551CD3A91F002D7842;
					};
				};
			};
			buildConfigurationList = AC77B3511CD3A91F002D7842 /* Build configuration list for PBXProject "enum" */;
			compatibilityVersion = "Xcode 3.2";
			developmentRegion = English;
			hasScannedForEncodings = 0;
			knownRegions = (
				en,
				Base,
			);
			mainGroup = AC77B34D1CD3A91F002D7842;
			productRefGroup = AC77B3571CD3A91F002D7842 /* Products */;
			projectDirPath = "";
			projectRoot = "";
			targets = (
				AC77B3551CD3A91F002D7842 /* enum */,
				AC77B3691CD3A91F002D7842 /* enumTests */,
				AC77B3741CD3A91F002D7842 /* enumUITests */,
			);
		};
/* End PBXProject section */

/* Begin PBXResourcesBuildPhase section */
		AC77B3541CD3A91F002D7842 /* Resources */ = {
			isa = PBXResourcesBuildPhase;
			buildActionMask = 2147483647;
			files = (
				AC77B3641CD3A91F002D7842 /* LaunchScreen.storyboard in Resources */,
				AC77B3611CD3A91F002D7842 /* Assets.xcassets in Resources */,
				AC77B35F1CD3A91F002D7842 /* Main.storyboard in Resources */,
			);
			runOnlyForDeploymentPostprocessing = 0;
		};
		AC77B3681CD3A91F002D7842 /* Resources */ = {
			isa = PBXResourcesBuildPhase;
			buildActionMask = 2147483647;
			files = (
			);
			runOnlyForDeploymentPostprocessing = 0;
		};
		AC77B3731CD3A91F002D7842 /* Resources */ = {
			isa = PBXResourcesBuildPhase;
			buildActionMask = 2147483647;
			files = (
			);
			runOnlyForDeploymentPostprocessing = 0;
		};
/* End PBXResourcesBuildPhase section */

/* Begin PBXSourcesBuildPhase section */
		AC77B3521CD3A91F002D7842 /* Sources */ = {
			isa = PBXSourcesBuildPhase;
			buildActionMask = 2147483647;
			files = (
				AC77B35C1CD3A91F002D7842 /* ViewController.swift in Sources */,
				AC77B35A1CD3A91F002D7842 /* AppDelegate.swift in Sources */,
			);
			runOnlyForDeploymentPostprocessing = 0;
		};
		AC77B3661CD3A91F002D7842 /* Sources */ = {
			isa = PBXSourcesBuildPhase;
			buildActionMask = 2147483647;
			files = (
				AC77B36F1CD3A91F002D7842 /* enumTests.swift in Sources */,
			);
			runOnlyForDeploymentPostprocessing = 0;
		};
		AC77B3711CD3A91F002D7842 /* Sources */ = {
			isa = PBXSourcesBuildPhase;
			buildActionMask = 2147483647;
			files = (
				AC77B37A1CD3A91F002D7842 /* enumUITests.swift in Sources */,
			);
			runOnlyForDeploymentPostprocessing = 0;
		};
/* End PBXSourcesBuildPhase section */

/* Begin PBXTargetDependency section */
		AC77B36C1CD3A91F002D7842 /* PBXTargetDependency */ = {
			isa = PBXTargetDependency;
			target = AC77B3551CD3A91F002D7842 /* enum */;
			targetProxy = AC77B36B1CD3A91F002D7842 /* PBXContainerItemProxy */;
		};
		AC77B3771CD3A91F002D7842 /* PBXTargetDependency */ = {
			isa = PBXTargetDependency;
			target = AC77B3551CD3A91F002D7842 /* enum */;
			targetProxy = AC77B3761CD3A91F002D7842 /* PBXContainerItemProxy */;
		};
/* End PBXTargetDependency section */

/* Begin PBXVariantGroup section */
		AC77B35D1CD3A91F002D7842 /* Main.storyboard */ = {
			isa = PBXVariantGroup;
			children = (
				AC77B35E1CD3A91F002D7842 /* Base */,
			);
			name = Main.storyboard;
			sourceTree = "<group>";
		};
		AC77B3621CD3A91F002D7842 /* LaunchScreen.storyboard */ = {
			isa = PBXVariantGroup;
			children = (
				AC77B3631CD3A91F002D7842 /* Base */,
			);
			name = LaunchScreen.storyboard;
			sourceTree = "<group>";
		};
/* End PBXVariantGroup section */

/* Begin XCBuildConfiguration section */
		AC77B37C1CD3A91F002D7842 /* Debug */ = {
			isa = XCBuildConfiguration;
			buildSettings = {
				ALWAYS_SEARCH_USER_PATHS = NO;
				CLANG_ANALYZER_NONNULL = YES;
				CLANG_CXX_LANGUAGE_STANDARD = "gnu++0x";
				CLANG_CXX_LIBRARY = "libc++";
				CLANG_ENABLE_MODULES = YES;
				CLANG_ENABLE_OBJC_ARC = YES;
				CLANG_WARN_BOOL_CONVERSION = YES;
				CLANG_WARN_CONSTANT_CONVERSION = YES;
				CLANG_WARN_DIRECT_OBJC_ISA_USAGE = YES_ERROR;
				CLANG_WARN_EMPTY_BODY = YES;
				CLANG_WARN_ENUM_CONVERSION = YES;
				CLANG_WARN_INT_CONVERSION = YES;
				CLANG_WARN_OBJC_ROOT_CLASS = YES_ERROR;
				CLANG_WARN_UNREACHABLE_CODE = YES;
				CLANG_WARN__DUPLICATE_METHOD_MATCH = YES;
				"CODE_SIGN_IDENTITY[sdk=iphoneos*]" = "iPhone Developer";
				COPY_PHASE_STRIP = NO;
				DEBUG_INFORMATION_FORMAT = dwarf;
				ENABLE_STRICT_OBJC_MSGSEND = YES;
				ENABLE_TESTABILITY = YES;
				GCC_C_LANGUAGE_STANDARD = gnu99;
				GCC_DYNAMIC_NO_PIC = NO;
				GCC_NO_COMMON_BLOCKS = YES;
				GCC_OPTIMIZATION_LEVEL = 0;
				GCC_PREPROCESSOR_DEFINITIONS = (
					"DEBUG=1",
					"$(inherited)",
				);
				GCC_WARN_64_TO_32_BIT_CONVERSION = YES;
				GCC_WARN_ABOUT_RETURN_TYPE = YES_ERROR;
				GCC_WARN_UNDECLARED_SELECTOR = YES;
				GCC_WARN_UNINITIALIZED_AUTOS = YES_AGGRESSIVE;
				GCC_WARN_UNUSED_FUNCTION = YES;
				GCC_WARN_UNUSED_VARIABLE = YES;
				IPHONEOS_DEPLOYMENT_TARGET = 9.3;
				MTL_ENABLE_DEBUG_INFO = YES;
				ONLY_ACTIVE_ARCH = YES;
				SDKROOT = iphoneos;
				SWIFT_OPTIMIZATION_LEVEL = "-Onone";
			};
			name = Debug;
		};
		AC77B37D1CD3A91F002D7842 /* Release */ = {
			isa = XCBuildConfiguration;
			buildSettings = {
				ALWAYS_SEARCH_USER_PATHS = NO;
				CLANG_ANALYZER_NONNULL = YES;
				CLANG_CXX_LANGUAGE_STANDARD = "gnu++0x";
				CLANG_CXX_LIBRARY = "libc++";
				CLANG_ENABLE_MODULES = YES;
				CLANG_ENABLE_OBJC_ARC = YES;
				CLANG_WARN_BOOL_CONVERSION = YES;
				CLANG_WARN_CONSTANT_CONVERSION = YES;
				CLANG_WARN_DIRECT_OBJC_ISA_USAGE = YES_ERROR;
				CLANG_WARN_EMPTY_BODY = YES;
				CLANG_WARN_ENUM_CONVERSION = YES;
				CLANG_WARN_INT_CONVERSION = YES;
				CLANG_WARN_OBJC_ROOT_CLASS = YES_ERROR;
				CLANG_WARN_UNREACHABLE_CODE = YES;
				CLANG_WARN__DUPLICATE_METHOD_MATCH = YES;
				"CODE_SIGN_IDENTITY[sdk=iphoneos*]" = "iPhone Developer";
				COPY_PHASE_STRIP = NO;
				DEBUG_INFORMATION_FORMAT = "dwarf-with-dsym";
				ENABLE_NS_ASSERTIONS = NO;
				ENABLE_STRICT_OBJC_MSGSEND = YES;
				GCC_C_LANGUAGE_STANDARD = gnu99;
				GCC_NO_COMMON_BLOCKS = YES;
				GCC_WARN_64_TO_32_BIT_CONVERSION = YES;
				GCC_WARN_ABOUT_RETURN_TYPE = YES_ERROR;
				GCC_WARN_UNDECLARED_SELECTOR = YES;
				GCC_WARN_UNINITIALIZED_AUTOS = YES_AGGRESSIVE;
				GCC_WARN_UNUSED_FUNCTION = YES;
				GCC_WARN_UNUSED_VARIABLE = YES;
				IPHONEOS_DEPLOYMENT_TARGET = 9.3;
				MTL_ENABLE_DEBUG_INFO = NO;
				SDKROOT = iphoneos;
				VALIDATE_PRODUCT = YES;
			};
			name = Release;
		};
		AC77B37F1CD3A91F002D7842 /* Debug */ = {
			isa = XCBuildConfiguration;
			buildSettings = {
				ASSETCATALOG_COMPILER_APPICON_NAME = AppIcon;
				INFOPLIST_FILE = enum/Info.plist;
				LD_RUNPATH_SEARCH_PATHS = "$(inherited) @executable_path/Frameworks";
				PRODUCT_BUNDLE_IDENTIFIER = "com.Citizen-ACTS-.enum";
				PRODUCT_NAME = "$(TARGET_NAME)";
			};
			name = Debug;
		};
		AC77B3801CD3A91F002D7842 /* Release */ = {
			isa = XCBuildConfiguration;
			buildSettings = {
				ASSETCATALOG_COMPILER_APPICON_NAME = AppIcon;
				INFOPLIST_FILE = enum/Info.plist;
				LD_RUNPATH_SEARCH_PATHS = "$(inherited) @executable_path/Frameworks";
				PRODUCT_BUNDLE_IDENTIFIER = "com.Citizen-ACTS-.enum";
				PRODUCT_NAME = "$(TARGET_NAME)";
			};
			name = Release;
		};
		AC77B3821CD3A91F002D7842 /* Debug */ = {
			isa = XCBuildConfiguration;
			buildSettings = {
				BUNDLE_LOADER = "$(TEST_HOST)";
				INFOPLIST_FILE = enumTests/Info.plist;
				LD_RUNPATH_SEARCH_PATHS = "$(inherited) @executable_path/Frameworks @loader_path/Frameworks";
				PRODUCT_BUNDLE_IDENTIFIER = "com.Citizen-ACTS-.enumTests";
				PRODUCT_NAME = "$(TARGET_NAME)";
				TEST_HOST = "$(BUILT_PRODUCTS_DIR)/enum.app/enum";
			};
			name = Debug;
		};
		AC77B3831CD3A91F002D7842 /* Release */ = {
			isa = XCBuildConfiguration;
			buildSettings = {
				BUNDLE_LOADER = "$(TEST_HOST)";
				INFOPLIST_FILE = enumTests/Info.plist;
				LD_RUNPATH_SEARCH_PATHS = "$(inherited) @executable_path/Frameworks @loader_path/Frameworks";
				PRODUCT_BUNDLE_IDENTIFIER = "com.Citizen-ACTS-.enumTests";
				PRODUCT_NAME = "$(TARGET_NAME)";
				TEST_HOST = "$(BUILT_PRODUCTS_DIR)/enum.app/enum";
			};
			name = Release;
		};
		AC77B3851CD3A91F002D7842 /* Debug */ = {
			isa = XCBuildConfiguration;
			buildSettings = {
				INFOPLIST_FILE = enumUITests/Info.plist;
				LD_RUNPATH_SEARCH_PATHS = "$(inherited) @executable_path/Frameworks @loader_path/Frameworks";
				PRODUCT_BUNDLE_IDENTIFIER = "com.Citizen-ACTS-.enumUITests";
				PRODUCT_NAME = "$(TARGET_NAME)";
				TEST_TARGET_NAME = enum;
			};
			name = Debug;
		};
		AC77B3861CD3A91F002D7842 /* Release */ = {
			isa = XCBuildConfiguration;
			buildSettings = {
				INFOPLIST_FILE = enumUITests/Info.plist;
				LD_RUNPATH_SEARCH_PATHS = "$(inherited) @executable_path/Frameworks @loader_path/Frameworks";
				PRODUCT_BUNDLE_IDENTIFIER = "com.Citizen-ACTS-.enumUITests";
				PRODUCT_NAME = "$(TARGET_NAME)";
				TEST_TARGET_NAME = enum;
			};
			name = Release;
		};
/* End XCBuildConfiguration section */

/* Begin XCConfigurationList section */
		AC77B3511CD3A91F002D7842 /* Build configuration list for PBXProject "enum" */ = {
			isa = XCConfigurationList;
			buildConfigurations = (
				AC77B37C1CD3A91F002D7842 /* Debug */,
				AC77B37D1CD3A91F002D7842 /* Release */,
			);
			defaultConfigurationIsVisible = 0;
			defaultConfigurationName = Release;
		};
		AC77B37E1CD3A91F002D7842 /* Build configuration list for PBXNativeTarget "enum" */ = {
			isa = XCConfigurationList;
			buildConfigurations = (
				AC77B37F1CD3A91F002D7842 /* Debug */,
				AC77B3801CD3A91F002D7842 /* Release */,
			);
			defaultConfigurationIsVisible = 0;
		};
		AC77B3811CD3A91F002D7842 /* Build configuration list for PBXNativeTarget "enumTests" */ = {
			isa = XCConfigurationList;
			buildConfigurations = (
				AC77B3821CD3A91F002D7842 /* Debug */,
				AC77B3831CD3A91F002D7842 /* Release */,
			);
			defaultConfigurationIsVisible = 0;
		};
		AC77B3841CD3A91F002D7842 /* Build configuration list for PBXNativeTarget "enumUITests" */ = {
			isa = XCConfigurationList;
			buildConfigurations = (
				AC77B3851CD3A91F002D7842 /* Debug */,
				AC77B3861CD3A91F002D7842 /* Release */,
			);
			defaultConfigurationIsVisible = 0;
		};
/* End XCConfigurationList section */
	};
	rootObject = AC77B34E1CD3A91F002D7842 /* Project object */;
}
